
Microsoft Visual Studio Solution File, Format Version 12.00
# Visual Studio 15
VisualStudioVersion = 15.0.26124.0
MinimumVisualStudioVersion = 15.0.26124.0
Project("{FAE04EC0-301F-11D3-BF4B-00C04F79EFBC}") = "OrbInteractive", "OrbInteractive\OrbInteractive.csproj", "{BD9B69BF-15EA-4C48-BB0B-7771E0700FA5}"
EndProject
Project("{FAE04EC0-301F-11D3-BF4B-00C04F79EFBC}") = "Orb", "Orb\Orb.csproj", "{DEAF990D-4B70-4830-8BB6-AB1BB07D8187}"
EndProject
Project("{FAE04EC0-301F-11D3-BF4B-00C04F79EFBC}") = "Orb.Tests", "Orb.Tests\Orb.Tests.csproj", "{0664F1B6-3B25-4438-9F4D-A6F847C3E062}"
EndProject
Project("{FAE04EC0-301F-11D3-BF4B-00C04F79EFBC}") = "OrbCompiler", "OrbCompiler\OrbCompiler.csproj", "{521BB63D-6509-4899-94A4-4A66411CF22A}"
EndProject
Global
	GlobalSection(SolutionConfigurationPlatforms) = preSolution
		Debug|Any CPU = Debug|Any CPU
		Debug|x64 = Debug|x64
		Debug|x86 = Debug|x86
		Release|Any CPU = Release|Any CPU
		Release|x64 = Release|x64
		Release|x86 = Release|x86
	EndGlobalSection
	GlobalSection(SolutionProperties) = preSolution
		HideSolutionNode = FALSE
	EndGlobalSection
	GlobalSection(ProjectConfigurationPlatforms) = postSolution
		{BD9B69BF-15EA-4C48-BB0B-7771E0700FA5}.Debug|Any CPU.ActiveCfg = Debug|Any CPU
		{BD9B69BF-15EA-4C48-BB0B-7771E0700FA5}.Debug|Any CPU.Build.0 = Debug|Any CPU
		{BD9B69BF-15EA-4C48-BB0B-7771E0700FA5}.Debug|x64.ActiveCfg = Debug|Any CPU
		{BD9B69BF-15EA-4C48-BB0B-7771E0700FA5}.Debug|x64.Build.0 = Debug|Any CPU
		{BD9B69BF-15EA-4C48-BB0B-7771E0700FA5}.Debug|x86.ActiveCfg = Debug|Any CPU
		{BD9B69BF-15EA-4C48-BB0B-7771E0700FA5}.Debug|x86.Build.0 = Debug|Any CPU
		{BD9B69BF-15EA-4C48-BB0B-7771E0700FA5}.Release|Any CPU.ActiveCfg = Release|Any CPU
		{BD9B69BF-15EA-4C48-BB0B-7771E0700FA5}.Release|Any CPU.Build.0 = Release|Any CPU
		{BD9B69BF-15EA-4C48-BB0B-7771E0700FA5}.Release|x64.ActiveCfg = Release|Any CPU
		{BD9B69BF-15EA-4C48-BB0B-7771E0700FA5}.Release|x64.Build.0 = Release|Any CPU
		{BD9B69BF-15EA-4C48-BB0B-7771E0700FA5}.Release|x86.ActiveCfg = Release|Any CPU
		{BD9B69BF-15EA-4C48-BB0B-7771E0700FA5}.Release|x86.Build.0 = Release|Any CPU
		{DEAF990D-4B70-4830-8BB6-AB1BB07D8187}.Debug|Any CPU.ActiveCfg = Debug|Any CPU
		{DEAF990D-4B70-4830-8BB6-AB1BB07D8187}.Debug|Any CPU.Build.0 = Debug|Any CPU
		{DEAF990D-4B70-4830-8BB6-AB1BB07D8187}.Debug|x64.ActiveCfg = Debug|Any CPU
		{DEAF990D-4B70-4830-8BB6-AB1BB07D8187}.Debug|x64.Build.0 = Debug|Any CPU
		{DEAF990D-4B70-4830-8BB6-AB1BB07D8187}.Debug|x86.ActiveCfg = Debug|Any CPU
		{DEAF990D-4B70-4830-8BB6-AB1BB07D8187}.Debug|x86.Build.0 = Debug|Any CPU
		{DEAF990D-4B70-4830-8BB6-AB1BB07D8187}.Release|Any CPU.ActiveCfg = Release|Any CPU
		{DEAF990D-4B70-4830-8BB6-AB1BB07D8187}.Release|Any CPU.Build.0 = Release|Any CPU
		{DEAF990D-4B70-4830-8BB6-AB1BB07D8187}.Release|x64.ActiveCfg = Release|Any CPU
		{DEAF990D-4B70-4830-8BB6-AB1BB07D8187}.Release|x64.Build.0 = Release|Any CPU
		{DEAF990D-4B70-4830-8BB6-AB1BB07D8187}.Release|x86.ActiveCfg = Release|Any CPU
		{DEAF990D-4B70-4830-8BB6-AB1BB07D8187}.Release|x86.Build.0 = Release|Any CPU
		{0664F1B6-3B25-4438-9F4D-A6F847C3E062}.Debug|Any CPU.ActiveCfg = Debug|Any CPU
		{0664F1B6-3B25-4438-9F4D-A6F847C3E062}.Debug|Any CPU.Build.0 = Debug|Any CPU
		{0664F1B6-3B25-4438-9F4D-A6F847C3E062}.Debug|x64.ActiveCfg = Debug|Any CPU
		{0664F1B6-3B25-4438-9F4D-A6F847C3E062}.Debug|x64.Build.0 = Debug|Any CPU
		{0664F1B6-3B25-4438-9F4D-A6F847C3E062}.Debug|x86.ActiveCfg = Debug|Any CPU
		{0664F1B6-3B25-4438-9F4D-A6F847C3E062}.Debug|x86.Build.0 = Debug|Any CPU
		{0664F1B6-3B25-4438-9F4D-A6F847C3E062}.Release|Any CPU.ActiveCfg = Release|Any CPU
		{0664F1B6-3B25-4438-9F4D-A6F847C3E062}.Release|Any CPU.Build.0 = Release|Any CPU
		{0664F1B6-3B25-4438-9F4D-A6F847C3E062}.Release|x64.ActiveCfg = Release|Any CPU
		{0664F1B6-3B25-4438-9F4D-A6F847C3E062}.Release|x64.Build.0 = Release|Any CPU
		{0664F1B6-3B25-4438-9F4D-A6F847C3E062}.Release|x86.ActiveCfg = Release|Any CPU
		{0664F1B6-3B25-4438-9F4D-A6F847C3E062}.Release|x86.Build.0 = Release|Any CPU
		{521BB63D-6509-4899-94A4-4A66411CF22A}.Debug|Any CPU.ActiveCfg = Debug|Any CPU
		{521BB63D-6509-4899-94A4-4A66411CF22A}.Debug|Any CPU.Build.0 = Debug|Any CPU
		{521BB63D-6509-4899-94A4-4A66411CF22A}.Debug|x64.ActiveCfg = Debug|Any CPU
		{521BB63D-6509-4899-94A4-4A66411CF22A}.Debug|x64.Build.0 = Debug|Any CPU
		{521BB63D-6509-4899-94A4-4A66411CF22A}.Debug|x86.ActiveCfg = Debug|Any CPU
		{521BB63D-6509-4899-94A4-4A66411CF22A}.Debug|x86.Build.0 = Debug|Any CPU
		{521BB63D-6509-4899-94A4-4A66411CF22A}.Release|Any CPU.ActiveCfg = Release|Any CPU
		{521BB63D-6509-4899-94A4-4A66411CF22A}.Release|Any CPU.Build.0 = Release|Any CPU
		{521BB63D-6509-4899-94A4-4A66411CF22A}.Release|x64.ActiveCfg = Release|Any CPU
		{521BB63D-6509-4899-94A4-4A66411CF22A}.Release|x64.Build.0 = Release|Any CPU
		{521BB63D-6509-4899-94A4-4A66411CF22A}.Release|x86.ActiveCfg = Release|Any CPU
		{521BB63D-6509-4899-94A4-4A66411CF22A}.Release|x86.Build.0 = Release|Any CPU
	EndGlobalSection
EndGlobal
